{
  "name": "aoc-2024",
  "version": "1.0.0",
  "lockfileVersion": 3,
  "requires": true,
  "packages": {
    "": {
      "name": "aoc-2024",
      "version": "1.0.0",
      "license": "ISC",
      "workspaces": [
        "./util"
      ],
      "devDependencies": {
        "arg": "^5.0.2"
      }
    },
    "node_modules/arg": {
      "version": "5.0.2",
      "dev": true,
      "license": "MIT"
    },
    "node_modules/util": {
      "resolved": "util",
      "link": true
    },
    "util": {
      "version": "1.0.0",
      "license": "ISC"
    }
  }
}
